// !$*UTF8*$!
{
	archiveVersion = 1;
	classes = {
	};
	objectVersion = 77;
	objects = {

/* Begin PBXBuildFile section */
		D671A04A2D42B68500CBFF97 /* Alamofire in Frameworks */ = {isa = PBXBuildFile; productRef = D671A0492D42B68500CBFF97 /* Alamofire */; };
/* End PBXBuildFile section */

/* Begin PBXContainerItemProxy section */
		D671A0232D42B4CA00CBFF97 /* PBXContainerItemProxy */ = {
			isa = PBXContainerItemProxy;
			containerPortal = D671A00A2D42B4C800CBFF97 /* Project object */;
			proxyType = 1;
			remoteGlobalIDString = D671A0112D42B4C800CBFF97;
			remoteInfo = SwiftUIMVVM;
		};
		D671A02D2D42B4CA00CBFF97 /* PBXContainerItemProxy */ = {
			isa = PBXContainerItemProxy;
			containerPortal = D671A00A2D42B4C800CBFF97 /* Project object */;
			proxyType = 1;
			remoteGlobalIDString = D671A0112D42B4C800CBFF97;
			remoteInfo = SwiftUIMVVM;
		};
/* End PBXContainerItemProxy section */

/* Begin PBXFileReference section */
		D671A0122D42B4C800CBFF97 /* SwiftUIMVVM.app */ = {isa = PBXFileReference; explicitFileType = wrapper.application; includeInIndex = 0; path = SwiftUIMVVM.app; sourceTree = BUILT_PRODUCTS_DIR; };
		D671A0222D42B4CA00CBFF97 /* SwiftUIMVVMTests.xctest */ = {isa = PBXFileReference; explicitFileType = wrapper.cfbundle; includeInIndex = 0; path = SwiftUIMVVMTests.xctest; sourceTree = BUILT_PRODUCTS_DIR; };
		D671A02C2D42B4CA00CBFF97 /* SwiftUIMVVMUITests.xctest */ = {isa = PBXFileReference; explicitFileType = wrapper.cfbundle; includeInIndex = 0; path = SwiftUIMVVMUITests.xctest; sourceTree = BUILT_PRODUCTS_DIR; };
/* End PBXFileReference section */

/* Begin PBXFileSystemSynchronizedBuildFileExceptionSet section */
		D671A04E2D42B98900CBFF97 /* Exceptions for "SwiftUIMVVM" folder in "SwiftUIMVVM" target */ = {
			isa = PBXFileSystemSynchronizedBuildFileExceptionSet;
			membershipExceptions = (
				Info.plist,
			);
			target = D671A0112D42B4C800CBFF97 /* SwiftUIMVVM */;
		};
/* End PBXFileSystemSynchronizedBuildFileExceptionSet section */

/* Begin PBXFileSystemSynchronizedRootGroup section */
		D671A0142D42B4C800CBFF97 /* SwiftUIMVVM */ = {
			isa = PBXFileSystemSynchronizedRootGroup;
			exceptions = (
				D671A04E2D42B98900CBFF97 /* Exceptions for "SwiftUIMVVM" folder in "SwiftUIMVVM" target */,
			);
			path = SwiftUIMVVM;
			sourceTree = "<group>";
		};
		D671A0252D42B4CA00CBFF97 /* SwiftUIMVVMTests */ = {
			isa = PBXFileSystemSynchronizedRootGroup;
			path = SwiftUIMVVMTests;
			sourceTree = "<group>";
		};
		D671A02F2D42B4CA00CBFF97 /* SwiftUIMVVMUITests */ = {
			isa = PBXFileSystemSynchronizedRootGroup;
			path = SwiftUIMVVMUITests;
			sourceTree = "<group>";
		};
/* End PBXFileSystemSynchronizedRootGroup section */

/* Begin PBXFrameworksBuildPhase section */
		D671A00F2D42B4C800CBFF97 /* Frameworks */ = {
			isa = PBXFrameworksBuildPhase;
			buildActionMask = 2147483647;
			files = (
				D671A04A2D42B68500CBFF97 /* Alamofire in Frameworks */,
			);
			runOnlyForDeploymentPostprocessing = 0;
		};
		D671A01F2D42B4CA00CBFF97 /* Frameworks */ = {
			isa = PBXFrameworksBuildPhase;
			buildActionMask = 2147483647;
			files = (
			);
			runOnlyForDeploymentPostprocessing = 0;
		};
		D671A0292D42B4CA00CBFF97 /* Frameworks */ = {
			isa = PBXFrameworksBuildPhase;
			buildActionMask = 2147483647;
			files = (
			);
			runOnlyForDeploymentPostprocessing = 0;
		};
/* End PBXFrameworksBuildPhase section */

/* Begin PBXGroup section */
		D671A0092D42B4C800CBFF97 = {
			isa = PBXGroup;
			children = (
				D671A0142D42B4C800CBFF97 /* SwiftUIMVVM */,
				D671A0252D42B4CA00CBFF97 /* SwiftUIMVVMTests */,
				D671A02F2D42B4CA00CBFF97 /* SwiftUIMVVMUITests */,
				D671A0132D42B4C800CBFF97 /* Products */,
			);
			sourceTree = "<group>";
		};
		D671A0132D42B4C800CBFF97 /* Products */ = {
			isa = PBXGroup;
			children = (
				D671A0122D42B4C800CBFF97 /* SwiftUIMVVM.app */,
				D671A0222D42B4CA00CBFF97 /* SwiftUIMVVMTests.xctest */,
				D671A02C2D42B4CA00CBFF97 /* SwiftUIMVVMUITests.xctest */,
			);
			name = Products;
			sourceTree = "<group>";
		};
/* End PBXGroup section */

/* Begin PBXNativeTarget section */
		D671A0112D42B4C800CBFF97 /* SwiftUIMVVM */ = {
			isa = PBXNativeTarget;
			buildConfigurationList = D671A0362D42B4CA00CBFF97 /* Build configuration list for PBXNativeTarget "SwiftUIMVVM" */;
			buildPhases = (
				D671A00E2D42B4C800CBFF97 /* Sources */,
				D671A00F2D42B4C800CBFF97 /* Frameworks */,
				D671A0102D42B4C800CBFF97 /* Resources */,
			);
			buildRules = (
			);
			dependencies = (
			);
			fileSystemSynchronizedGroups = (
				D671A0142D42B4C800CBFF97 /* SwiftUIMVVM */,
			);
			name = SwiftUIMVVM;
			packageProductDependencies = (
				D671A0492D42B68500CBFF97 /* Alamofire */,
			);
			productName = SwiftUIMVVM;
			productReference = D671A0122D42B4C800CBFF97 /* SwiftUIMVVM.app */;
			productType = "com.apple.product-type.application";
		};
		D671A0212D42B4CA00CBFF97 /* SwiftUIMVVMTests */ = {
			isa = PBXNativeTarget;
			buildConfigurationList = D671A0392D42B4CA00CBFF97 /* Build configuration list for PBXNativeTarget "SwiftUIMVVMTests" */;
			buildPhases = (
				D671A01E2D42B4CA00CBFF97 /* Sources */,
				D671A01F2D42B4CA00CBFF97 /* Frameworks */,
				D671A0202D42B4CA00CBFF97 /* Resources */,
			);
			buildRules = (
			);
			dependencies = (
				D671A0242D42B4CA00CBFF97 /* PBXTargetDependency */,
			);
			fileSystemSynchronizedGroups = (
				D671A0252D42B4CA00CBFF97 /* SwiftUIMVVMTests */,
			);
			name = SwiftUIMVVMTests;
			packageProductDependencies = (
			);
			productName = SwiftUIMVVMTests;
			productReference = D671A0222D42B4CA00CBFF97 /* SwiftUIMVVMTests.xctest */;
			productType = "com.apple.product-type.bundle.unit-test";
		};
		D671A02B2D42B4CA00CBFF97 /* SwiftUIMVVMUITests */ = {
			isa = PBXNativeTarget;
			buildConfigurationList = D671A03C2D42B4CA00CBFF97 /* Build configuration list for PBXNativeTarget "SwiftUIMVVMUITests" */;
			buildPhases = (
				D671A0282D42B4CA00CBFF97 /* Sources */,
				D671A0292D42B4CA00CBFF97 /* Frameworks */,
				D671A02A2D42B4CA00CBFF97 /* Resources */,
			);
			buildRules = (
			);
			dependencies = (
				D671A02E2D42B4CA00CBFF97 /* PBXTargetDependency */,
			);
			fileSystemSynchronizedGroups = (
				D671A02F2D42B4CA00CBFF97 /* SwiftUIMVVMUITests */,
			);
			name = SwiftUIMVVMUITests;
			packageProductDependencies = (
			);
			productName = SwiftUIMVVMUITests;
			productReference = D671A02C2D42B4CA00CBFF97 /* SwiftUIMVVMUITests.xctest */;
			productType = "com.apple.product-type.bundle.ui-testing";
		};
/* End PBXNativeTarget section */

/* Begin PBXProject section */
		D671A00A2D42B4C800CBFF97 /* Project object */ = {
			isa = PBXProject;
			attributes = {
				BuildIndependentTargetsInParallel = 1;
				LastSwiftUpdateCheck = 1620;
				LastUpgradeCheck = 1620;
				TargetAttributes = {
					D671A0112D42B4C800CBFF97 = {
						CreatedOnToolsVersion = 16.2;
					};
					D671A0212D42B4CA00CBFF97 = {
						CreatedOnToolsVersion = 16.2;
						TestTargetID = D671A0112D42B4C800CBFF97;
					};
					D671A02B2D42B4CA00CBFF97 = {
						CreatedOnToolsVersion = 16.2;
						TestTargetID = D671A0112D42B4C800CBFF97;
					};
				};
			};
			buildConfigurationList = D671A00D2D42B4C800CBFF97 /* Build configuration list for PBXProject "SwiftUIMVVM" */;
			developmentRegion = en;
			hasScannedForEncodings = 0;
			knownRegions = (
				en,
				Base,
			);
			mainGroup = D671A0092D42B4C800CBFF97;
			minimizedProjectReferenceProxies = 1;
			packageReferences = (
				D671A0482D42B68500CBFF97 /* XCRemoteSwiftPackageReference "Alamofire" */,
			);
			preferredProjectObjectVersion = 77;
			productRefGroup = D671A0132D42B4C800CBFF97 /* Products */;
			projectDirPath = "";
			projectRoot = "";
			targets = (
				D671A0112D42B4C800CBFF97 /* SwiftUIMVVM */,
				D671A0212D42B4CA00CBFF97 /* SwiftUIMVVMTests */,
				D671A02B2D42B4CA00CBFF97 /* SwiftUIMVVMUITests */,
			);
		};
/* End PBXProject section */

/* Begin PBXResourcesBuildPhase section */
		D671A0102D42B4C800CBFF97 /* Resources */ = {
			isa = PBXResourcesBuildPhase;
			buildActionMask = 2147483647;
			files = (
			);
			runOnlyForDeploymentPostprocessing = 0;
		};
		D671A0202D42B4CA00CBFF97 /* Resources */ = {
			isa = PBXResourcesBuildPhase;
			buildActionMask = 2147483647;
			files = (
			);
			runOnlyForDeploymentPostprocessing = 0;
		};
		D671A02A2D42B4CA00CBFF97 /* Resources */ = {
			isa = PBXResourcesBuildPhase;
			buildActionMask = 2147483647;
			files = (
			);
			runOnlyForDeploymentPostprocessing = 0;
		};
/* End PBXResourcesBuildPhase section */

/* Begin PBXSourcesBuildPhase section */
		D671A00E2D42B4C800CBFF97 /* Sources */ = {
			isa = PBXSourcesBuildPhase;
			buildActionMask = 2147483647;
			files = (
			);
			runOnlyForDeploymentPostprocessing = 0;
		};
		D671A01E2D42B4CA00CBFF97 /* Sources */ = {
			isa = PBXSourcesBuildPhase;
			buildActionMask = 2147483647;
			files = (
			);
			runOnlyForDeploymentPostprocessing = 0;
		};
		D671A0282D42B4CA00CBFF97 /* Sources */ = {
			isa = PBXSourcesBuildPhase;
			buildActionMask = 2147483647;
			files = (
			);
			runOnlyForDeploymentPostprocessing = 0;
		};
/* End PBXSourcesBuildPhase section */

/* Begin PBXTargetDependency section */
		D671A0242D42B4CA00CBFF97 /* PBXTargetDependency */ = {
			isa = PBXTargetDependency;
			target = D671A0112D42B4C800CBFF97 /* SwiftUIMVVM */;
			targetProxy = D671A0232D42B4CA00CBFF97 /* PBXContainerItemProxy */;
		};
		D671A02E2D42B4CA00CBFF97 /* PBXTargetDependency */ = {
			isa = PBXTargetDependency;
			target = D671A0112D42B4C800CBFF97 /* SwiftUIMVVM */;
			targetProxy = D671A02D2D42B4CA00CBFF97 /* PBXContainerItemProxy */;
		};
/* End PBXTargetDependency section */

/* Begin XCBuildConfiguration section */
		D671A0342D42B4CA00CBFF97 /* Debug */ = {
			isa = XCBuildConfiguration;
			buildSettings = {
				ALWAYS_SEARCH_USER_PATHS = NO;
				ASSETCATALOG_COMPILER_GENERATE_SWIFT_ASSET_SYMBOL_EXTENSIONS = YES;
				CLANG_ANALYZER_NONNULL = YES;
				CLANG_ANALYZER_NUMBER_OBJECT_CONVERSION = YES_AGGRESSIVE;
				CLANG_CXX_LANGUAGE_STANDARD = "gnu++20";
				CLANG_ENABLE_MODULES = YES;
				CLANG_ENABLE_OBJC_ARC = YES;
				CLANG_ENABLE_OBJC_WEAK = YES;
				CLANG_WARN_BLOCK_CAPTURE_AUTORELEASING = YES;
				CLANG_WARN_BOOL_CONVERSION = YES;
				CLANG_WARN_COMMA = YES;
				CLANG_WARN_CONSTANT_CONVERSION = YES;
				CLANG_WARN_DEPRECATED_OBJC_IMPLEMENTATIONS = YES;
				CLANG_WARN_DIRECT_OBJC_ISA_USAGE = YES_ERROR;
				CLANG_WARN_DOCUMENTATION_COMMENTS = YES;
				CLANG_WARN_EMPTY_BODY = YES;
				CLANG_WARN_ENUM_CONVERSION = YES;
				CLANG_WARN_INFINITE_RECURSION = YES;
				CLANG_WARN_INT_CONVERSION = YES;
				CLANG_WARN_NON_LITERAL_NULL_CONVERSION = YES;
				CLANG_WARN_OBJC_IMPLICIT_RETAIN_SELF = YES;
				CLANG_WARN_OBJC_LITERAL_CONVERSION = YES;
				CLANG_WARN_OBJC_ROOT_CLASS = YES_ERROR;
				CLANG_WARN_QUOTED_INCLUDE_IN_FRAMEWORK_HEADER = YES;
				CLANG_WARN_RANGE_LOOP_ANALYSIS = YES;
				CLANG_WARN_STRICT_PROTOTYPES = YES;
				CLANG_WARN_SUSPICIOUS_MOVE = YES;
				CLANG_WARN_UNGUARDED_AVAILABILITY = YES_AGGRESSIVE;
				CLANG_WARN_UNREACHABLE_CODE = YES;
				CLANG_WARN__DUPLICATE_METHOD_MATCH = YES;
				COPY_PHASE_STRIP = NO;
				DEBUG_INFORMATION_FORMAT = dwarf;
				ENABLE_STRICT_OBJC_MSGSEND = YES;
				ENABLE_TESTABILITY = YES;
				ENABLE_USER_SCRIPT_SANDBOXING = YES;
				GCC_C_LANGUAGE_STANDARD = gnu17;
				GCC_DYNAMIC_NO_PIC = NO;
				GCC_NO_COMMON_BLOCKS = YES;
				GCC_OPTIMIZATION_LEVEL = 0;
				GCC_PREPROCESSOR_DEFINITIONS = (
					"DEBUG=1",
					"$(inherited)",
				);
				GCC_WARN_64_TO_32_BIT_CONVERSION = YES;
				GCC_WARN_ABOUT_RETURN_TYPE = YES_ERROR;
				GCC_WARN_UNDECLARED_SELECTOR = YES;
				GCC_WARN_UNINITIALIZED_AUTOS = YES_AGGRESSIVE;
				GCC_WARN_UNUSED_FUNCTION = YES;
				GCC_WARN_UNUSED_VARIABLE = YES;
				IPHONEOS_DEPLOYMENT_TARGET = 18.2;
				LOCALIZATION_PREFERS_STRING_CATALOGS = YES;
				MTL_ENABLE_DEBUG_INFO = INCLUDE_SOURCE;
				MTL_FAST_MATH = YES;
				ONLY_ACTIVE_ARCH = YES;
				SDKROOT = iphoneos;
				SWIFT_ACTIVE_COMPILATION_CONDITIONS = "DEBUG $(inherited)";
				SWIFT_OPTIMIZATION_LEVEL = "-Onone";
			};
			name = Debug;
		};
		D671A0352D42B4CA00CBFF97 /* Release */ = {
			isa = XCBuildConfiguration;
			buildSettings = {
				ALWAYS_SEARCH_USER_PATHS = NO;
				ASSETCATALOG_COMPILER_GENERATE_SWIFT_ASSET_SYMBOL_EXTENSIONS = YES;
				CLANG_ANALYZER_NONNULL = YES;
				CLANG_ANALYZER_NUMBER_OBJECT_CONVERSION = YES_AGGRESSIVE;
				CLANG_CXX_LANGUAGE_STANDARD = "gnu++20";
				CLANG_ENABLE_MODULES = YES;
				CLANG_ENABLE_OBJC_ARC = YES;
				CLANG_ENABLE_OBJC_WEAK = YES;
				CLANG_WARN_BLOCK_CAPTURE_AUTORELEASING = YES;
				CLANG_WARN_BOOL_CONVERSION = YES;
				CLANG_WARN_COMMA = YES;
				CLANG_WARN_CONSTANT_CONVERSION = YES;
				CLANG_WARN_DEPRECATED_OBJC_IMPLEMENTATIONS = YES;
				CLANG_WARN_DIRECT_OBJC_ISA_USAGE = YES_ERROR;
				CLANG_WARN_DOCUMENTATION_COMMENTS = YES;
				CLANG_WARN_EMPTY_BODY = YES;
				CLANG_WARN_ENUM_CONVERSION = YES;
				CLANG_WARN_INFINITE_RECURSION = YES;
				CLANG_WARN_INT_CONVERSION = YES;
				CLANG_WARN_NON_LITERAL_NULL_CONVERSION = YES;
				CLANG_WARN_OBJC_IMPLICIT_RETAIN_SELF = YES;
				CLANG_WARN_OBJC_LITERAL_CONVERSION = YES;
				CLANG_WARN_OBJC_ROOT_CLASS = YES_ERROR;
				CLANG_WARN_QUOTED_INCLUDE_IN_FRAMEWORK_HEADER = YES;
				CLANG_WARN_RANGE_LOOP_ANALYSIS = YES;
				CLANG_WARN_STRICT_PROTOTYPES = YES;
				CLANG_WARN_SUSPICIOUS_MOVE = YES;
				CLANG_WARN_UNGUARDED_AVAILABILITY = YES_AGGRESSIVE;
				CLANG_WARN_UNREACHABLE_CODE = YES;
				CLANG_WARN__DUPLICATE_METHOD_MATCH = YES;
				COPY_PHASE_STRIP = NO;
				DEBUG_INFORMATION_FORMAT = "dwarf-with-dsym";
				ENABLE_NS_ASSERTIONS = NO;
				ENABLE_STRICT_OBJC_MSGSEND = YES;
				ENABLE_USER_SCRIPT_SANDBOXING = YES;
				GCC_C_LANGUAGE_STANDARD = gnu17;
				GCC_NO_COMMON_BLOCKS = YES;
				GCC_WARN_64_TO_32_BIT_CONVERSION = YES;
				GCC_WARN_ABOUT_RETURN_TYPE = YES_ERROR;
				GCC_WARN_UNDECLARED_SELECTOR = YES;
				GCC_WARN_UNINITIALIZED_AUTOS = YES_AGGRESSIVE;
				GCC_WARN_UNUSED_FUNCTION = YES;
				GCC_WARN_UNUSED_VARIABLE = YES;
				IPHONEOS_DEPLOYMENT_TARGET = 18.2;
				LOCALIZATION_PREFERS_STRING_CATALOGS = YES;
				MTL_ENABLE_DEBUG_INFO = NO;
				MTL_FAST_MATH = YES;
				SDKROOT = iphoneos;
				SWIFT_COMPILATION_MODE = wholemodule;
				VALIDATE_PRODUCT = YES;
			};
			name = Release;
		};
		D671A0372D42B4CA00CBFF97 /* Debug */ = {
			isa = XCBuildConfiguration;
			buildSettings = {
				ASSETCATALOG_COMPILER_APPICON_NAME = AppIcon;
				ASSETCATALOG_COMPILER_GLOBAL_ACCENT_COLOR_NAME = AccentColor;
				CODE_SIGN_STYLE = Automatic;
				CURRENT_PROJECT_VERSION = 1;
				DEVELOPMENT_ASSET_PATHS = "\"SwiftUIMVVM/Preview Content\"";
				DEVELOPMENT_TEAM = K6LJCT8RAA;
				ENABLE_PREVIEWS = YES;
				GENERATE_INFOPLIST_FILE = YES;
				INFOPLIST_FILE = SwiftUIMVVM/Info.plist;
				INFOPLIST_KEY_UIApplicationSceneManifest_Generation = YES;
				INFOPLIST_KEY_UIApplicationSupportsIndirectInputEvents = YES;
				INFOPLIST_KEY_UILaunchScreen_Generation = YES;
				INFOPLIST_KEY_UISupportedInterfaceOrientations_iPad = "UIInterfaceOrientationPortrait UIInterfaceOrientationPortraitUpsideDown UIInterfaceOrientationLandscapeLeft UIInterfaceOrientationLandscapeRight";
				INFOPLIST_KEY_UISupportedInterfaceOrientations_iPhone = "UIInterfaceOrientationPortrait UIInterfaceOrientationLandscapeLeft UIInterfaceOrientationLandscapeRight";
				LD_RUNPATH_SEARCH_PATHS = (
					"$(inherited)",
					"@executable_path/Frameworks",
				);
				MARKETING_VERSION = 1.0;
				PRODUCT_BUNDLE_IDENTIFIER = com.template.SwiftUIMVVM;
				PRODUCT_NAME = "$(TARGET_NAME)";
				SWIFT_EMIT_LOC_STRINGS = YES;
				SWIFT_VERSION = 5.0;
				TARGETED_DEVICE_FAMILY = "1,2";
			};
			name = Debug;
		};
		D671A0382D42B4CA00CBFF97 /* Release */ = {
			isa = XCBuildConfiguration;
			buildSettings = {
				ASSETCATALOG_COMPILER_APPICON_NAME = AppIcon;
				ASSETCATALOG_COMPILER_GLOBAL_ACCENT_COLOR_NAME = AccentColor;
				CODE_SIGN_STYLE = Automatic;
				CURRENT_PROJECT_VERSION = 1;
				DEVELOPMENT_ASSET_PATHS = "\"SwiftUIMVVM/Preview Content\"";
				DEVELOPMENT_TEAM = K6LJCT8RAA;
				ENABLE_PREVIEWS = YES;
				GENERATE_INFOPLIST_FILE = YES;
				INFOPLIST_FILE = SwiftUIMVVM/Info.plist;
				INFOPLIST_KEY_UIApplicationSceneManifest_Generation = YES;
				INFOPLIST_KEY_UIApplicationSupportsIndirectInputEvents = YES;
				INFOPLIST_KEY_UILaunchScreen_Generation = YES;
				INFOPLIST_KEY_UISupportedInterfaceOrientations_iPad = "UIInterfaceOrientationPortrait UIInterfaceOrientationPortraitUpsideDown UIInterfaceOrientationLandscapeLeft UIInterfaceOrientationLandscapeRight";
				INFOPLIST_KEY_UISupportedInterfaceOrientations_iPhone = "UIInterfaceOrientationPortrait UIInterfaceOrientationLandscapeLeft UIInterfaceOrientationLandscapeRight";
				LD_RUNPATH_SEARCH_PATHS = (
					"$(inherited)",
					"@executable_path/Frameworks",
				);
				MARKETING_VERSION = 1.0;
				PRODUCT_BUNDLE_IDENTIFIER = com.template.SwiftUIMVVM;
				PRODUCT_NAME = "$(TARGET_NAME)";
				SWIFT_EMIT_LOC_STRINGS = YES;
				SWIFT_VERSION = 5.0;
				TARGETED_DEVICE_FAMILY = "1,2";
			};
			name = Release;
		};
		D671A03A2D42B4CA00CBFF97 /* Debug */ = {
			isa = XCBuildConfiguration;
			buildSettings = {
				BUNDLE_LOADER = "$(TEST_HOST)";
				CODE_SIGN_STYLE = Automatic;
				CURRENT_PROJECT_VERSION = 1;
				DEVELOPMENT_TEAM = K6LJCT8RAA;
				GENERATE_INFOPLIST_FILE = YES;
				IPHONEOS_DEPLOYMENT_TARGET = 18.2;
				MARKETING_VERSION = 1.0;
				PRODUCT_BUNDLE_IDENTIFIER = com.template.SwiftUIMVVMTests;
				PRODUCT_NAME = "$(TARGET_NAME)";
				SWIFT_EMIT_LOC_STRINGS = NO;
				SWIFT_VERSION = 5.0;
				TARGETED_DEVICE_FAMILY = "1,2";
				TEST_HOST = "$(BUILT_PRODUCTS_DIR)/SwiftUIMVVM.app/$(BUNDLE_EXECUTABLE_FOLDER_PATH)/SwiftUIMVVM";
			};
			name = Debug;
		};
		D671A03B2D42B4CA00CBFF97 /* Release */ = {
			isa = XCBuildConfiguration;
			buildSettings = {
				BUNDLE_LOADER = "$(TEST_HOST)";
				CODE_SIGN_STYLE = Automatic;
				CURRENT_PROJECT_VERSION = 1;
				DEVELOPMENT_TEAM = K6LJCT8RAA;
				GENERATE_INFOPLIST_FILE = YES;
				IPHONEOS_DEPLOYMENT_TARGET = 18.2;
				MARKETING_VERSION = 1.0;
				PRODUCT_BUNDLE_IDENTIFIER = com.template.SwiftUIMVVMTests;
				PRODUCT_NAME = "$(TARGET_NAME)";
				SWIFT_EMIT_LOC_STRINGS = NO;
				SWIFT_VERSION = 5.0;
				TARGETED_DEVICE_FAMILY = "1,2";
				TEST_HOST = "$(BUILT_PRODUCTS_DIR)/SwiftUIMVVM.app/$(BUNDLE_EXECUTABLE_FOLDER_PATH)/SwiftUIMVVM";
			};
			name = Release;
		};
		D671A03D2D42B4CA00CBFF97 /* Debug */ = {
			isa = XCBuildConfiguration;
			buildSettings = {
				CODE_SIGN_STYLE = Automatic;
				CURRENT_PROJECT_VERSION = 1;
				DEVELOPMENT_TEAM = K6LJCT8RAA;
				GENERATE_INFOPLIST_FILE = YES;
				MARKETING_VERSION = 1.0;
				PRODUCT_BUNDLE_IDENTIFIER = com.template.SwiftUIMVVMUITests;
				PRODUCT_NAME = "$(TARGET_NAME)";
				SWIFT_EMIT_LOC_STRINGS = NO;
				SWIFT_VERSION = 5.0;
				TARGETED_DEVICE_FAMILY = "1,2";
				TEST_TARGET_NAME = SwiftUIMVVM;
			};
			name = Debug;
		};
		D671A03E2D42B4CA00CBFF97 /* Release */ = {
			isa = XCBuildConfiguration;
			buildSettings = {
				CODE_SIGN_STYLE = Automatic;
				CURRENT_PROJECT_VERSION = 1;
				DEVELOPMENT_TEAM = K6LJCT8RAA;
				GENERATE_INFOPLIST_FILE = YES;
				MARKETING_VERSION = 1.0;
				PRODUCT_BUNDLE_IDENTIFIER = com.template.SwiftUIMVVMUITests;
				PRODUCT_NAME = "$(TARGET_NAME)";
				SWIFT_EMIT_LOC_STRINGS = NO;
				SWIFT_VERSION = 5.0;
				TARGETED_DEVICE_FAMILY = "1,2";
				TEST_TARGET_NAME = SwiftUIMVVM;
			};
			name = Release;
		};
/* End XCBuildConfiguration section */

/* Begin XCConfigurationList section */
		D671A00D2D42B4C800CBFF97 /* Build configuration list for PBXProject "SwiftUIMVVM" */ = {
			isa = XCConfigurationList;
			buildConfigurations = (
				D671A0342D42B4CA00CBFF97 /* Debug */,
				D671A0352D42B4CA00CBFF97 /* Release */,
			);
			defaultConfigurationIsVisible = 0;
			defaultConfigurationName = Release;
		};
		D671A0362D42B4CA00CBFF97 /* Build configuration list for PBXNativeTarget "SwiftUIMVVM" */ = {
			isa = XCConfigurationList;
			buildConfigurations = (
				D671A0372D42B4CA00CBFF97 /* Debug */,
				D671A0382D42B4CA00CBFF97 /* Release */,
			);
			defaultConfigurationIsVisible = 0;
			defaultConfigurationName = Release;
		};
		D671A0392D42B4CA00CBFF97 /* Build configuration list for PBXNativeTarget "SwiftUIMVVMTests" */ = {
			isa = XCConfigurationList;
			buildConfigurations = (
				D671A03A2D42B4CA00CBFF97 /* Debug */,
				D671A03B2D42B4CA00CBFF97 /* Release */,
			);
			defaultConfigurationIsVisible = 0;
			defaultConfigurationName = Release;
		};
		D671A03C2D42B4CA00CBFF97 /* Build configuration list for PBXNativeTarget "SwiftUIMVVMUITests" */ = {
			isa = XCConfigurationList;
			buildConfigurations = (
				D671A03D2D42B4CA00CBFF97 /* Debug */,
				D671A03E2D42B4CA00CBFF97 /* Release */,
			);
			defaultConfigurationIsVisible = 0;
			defaultConfigurationName = Release;
		};
/* End XCConfigurationList section */

/* Begin XCRemoteSwiftPackageReference section */
		D671A0482D42B68500CBFF97 /* XCRemoteSwiftPackageReference "Alamofire" */ = {
			isa = XCRemoteSwiftPackageReference;
			repositoryURL = "https://github.com/Alamofire/Alamofire";
			requirement = {
				kind = upToNextMajorVersion;
				minimumVersion = 5.10.2;
			};
		};
/* End XCRemoteSwiftPackageReference section */

/* Begin XCSwiftPackageProductDependency section */
		D671A0492D42B68500CBFF97 /* Alamofire */ = {
			isa = XCSwiftPackageProductDependency;
			package = D671A0482D42B68500CBFF97 /* XCRemoteSwiftPackageReference "Alamofire" */;
			productName = Alamofire;
		};
/* End XCSwiftPackageProductDependency section */
	};
	rootObject = D671A00A2D42B4C800CBFF97 /* Project object */;
}
